// !$*UTF8*$!
{
	archiveVersion = 1;
	classes = {
	};
	objectVersion = 77;
	objects = {

/* Begin PBXBuildFile section */
		7A2C00040000000000000001 /* ZIPFoundation in Frameworks */ = {isa = PBXBuildFile; productRef = 7A2C00020000000000000001 /* ZIPFoundation */; };
		7A2C00050000000000000001 /* ZIPFoundation in Frameworks */ = {isa = PBXBuildFile; productRef = 7A2C00030000000000000001 /* ZIPFoundation */; };
/* End PBXBuildFile section */

/* Begin PBXContainerItemProxy section */
		639659E9300F4B9400FFAC12 /* PBXContainerItemProxy */ = {
			isa = PBXContainerItemProxy;
			containerPortal = 639659D3300F4B9200FFAC12 /* Project object */;
			proxyType = 1;
			remoteGlobalIDString = 639659DA300F4B9200FFAC12;
			remoteInfo = MonglePet;
		};
		639659F3300F4B9400FFAC12 /* PBXContainerItemProxy */ = {
			isa = PBXContainerItemProxy;
			containerPortal = 639659D3300F4B9200FFAC12 /* Project object */;
			proxyType = 1;
			remoteGlobalIDString = 639659DA300F4B9200FFAC12;
			remoteInfo = MonglePet;
		};
/* End PBXContainerItemProxy section */

/* Begin PBXFileReference section */
		639659DB300F4B9200FFAC12 /* MonglePet.app */ = {isa = PBXFileReference; explicitFileType = wrapper.application; includeInIndex = 0; path = MonglePet.app; sourceTree = BUILT_PRODUCTS_DIR; };
		639659E8300F4B9400FFAC12 /* MonglePetTests.xctest */ = {isa = PBXFileReference; explicitFileType = wrapper.cfbundle; includeInIndex = 0; path = MonglePetTests.xctest; sourceTree = BUILT_PRODUCTS_DIR; };
		639659F2300F4B9400FFAC12 /* MonglePetUITests.xctest */ = {isa = PBXFileReference; explicitFileType = wrapper.cfbundle; includeInIndex = 0; path = MonglePetUITests.xctest; sourceTree = BUILT_PRODUCTS_DIR; };
/* End PBXFileReference section */

/* Begin PBXFileSystemSynchronizedRootGroup section */
		639659DD300F4B9200FFAC12 /* MonglePet */ = {
			isa = PBXFileSystemSynchronizedRootGroup;
			path = MonglePet;
			sourceTree = "<group>";
		};
		639659EB300F4B9400FFAC12 /* MonglePetTests */ = {
			isa = PBXFileSystemSynchronizedRootGroup;
			path = MonglePetTests;
			sourceTree = "<group>";
		};
		639659F5300F4B9400FFAC12 /* MonglePetUITests */ = {
			isa = PBXFileSystemSynchronizedRootGroup;
			path = MonglePetUITests;
			sourceTree = "<group>";
		};
/* End PBXFileSystemSynchronizedRootGroup section */

/* Begin PBXFrameworksBuildPhase section */
		639659D8300F4B9200FFAC12 /* Frameworks */ = {
			isa = PBXFrameworksBuildPhase;
			buildActionMask = 2147483647;
			files = (
				7A2C00040000000000000001 /* ZIPFoundation in Frameworks */,
			);
			runOnlyForDeploymentPostprocessing = 0;
		};
		639659E5300F4B9400FFAC12 /* Frameworks */ = {
			isa = PBXFrameworksBuildPhase;
			buildActionMask = 2147483647;
			files = (
				7A2C00050000000000000001 /* ZIPFoundation in Frameworks */,
			);
			runOnlyForDeploymentPostprocessing = 0;
		};
		639659EF300F4B9400FFAC12 /* Frameworks */ = {
			isa = PBXFrameworksBuildPhase;
			buildActionMask = 2147483647;
			files = (
			);
			runOnlyForDeploymentPostprocessing = 0;
		};
/* End PBXFrameworksBuildPhase section */

/* Begin PBXGroup section */
		639659D2300F4B9200FFAC12 = {
			isa = PBXGroup;
			children = (
				639659DD300F4B9200FFAC12 /* MonglePet */,
				639659EB300F4B9400FFAC12 /* MonglePetTests */,
				639659F5300F4B9400FFAC12 /* MonglePetUITests */,
				639659DC300F4B9200FFAC12 /* Products */,
			);
			sourceTree = "<group>";
		};
		639659DC300F4B9200FFAC12 /* Products */ = {
			isa = PBXGroup;
			children = (
				639659DB300F4B9200FFAC12 /* MonglePet.app */,
				639659E8300F4B9400FFAC12 /* MonglePetTests.xctest */,
				639659F2300F4B9400FFAC12 /* MonglePetUITests.xctest */,
			);
			name = Products;
			sourceTree = "<group>";
		};
/* End PBXGroup section */

/* Begin PBXNativeTarget section */
		639659DA300F4B9200FFAC12 /* MonglePet */ = {
			isa = PBXNativeTarget;
			buildConfigurationList = 639659FC300F4B9400FFAC12 /* Build configuration list for PBXNativeTarget "MonglePet" */;
			buildPhases = (
				639659D7300F4B9200FFAC12 /* Sources */,
				639659D8300F4B9200FFAC12 /* Frameworks */,
				639659D9300F4B9200FFAC12 /* Resources */,
			);
			buildRules = (
			);
			dependencies = (
			);
			fileSystemSynchronizedGroups = (
				639659DD300F4B9200FFAC12 /* MonglePet */,
			);
			name = MonglePet;
			packageProductDependencies = (
				7A2C00020000000000000001 /* ZIPFoundation */,
			);
			productName = MonglePet;
			productReference = 639659DB300F4B9200FFAC12 /* MonglePet.app */;
			productType = "com.apple.product-type.application";
		};
		639659E7300F4B9400FFAC12 /* MonglePetTests */ = {
			isa = PBXNativeTarget;
			buildConfigurationList = 639659FF300F4B9400FFAC12 /* Build configuration list for PBXNativeTarget "MonglePetTests" */;
			buildPhases = (
				639659E4300F4B9400FFAC12 /* Sources */,
				639659E5300F4B9400FFAC12 /* Frameworks */,
				639659E6300F4B9400FFAC12 /* Resources */,
			);
			buildRules = (
			);
			dependencies = (
				639659EA300F4B9400FFAC12 /* PBXTargetDependency */,
			);
			fileSystemSynchronizedGroups = (
				639659EB300F4B9400FFAC12 /* MonglePetTests */,
			);
			name = MonglePetTests;
			packageProductDependencies = (
				7A2C00030000000000000001 /* ZIPFoundation */,
			);
			productName = MonglePetTests;
			productReference = 639659E8300F4B9400FFAC12 /* MonglePetTests.xctest */;
			productType = "com.apple.product-type.bundle.unit-test";
		};
		639659F1300F4B9400FFAC12 /* MonglePetUITests */ = {
			isa = PBXNativeTarget;
			buildConfigurationList = 63965A02300F4B9400FFAC12 /* Build configuration list for PBXNativeTarget "MonglePetUITests" */;
			buildPhases = (
				639659EE300F4B9400FFAC12 /* Sources */,
				639659EF300F4B9400FFAC12 /* Frameworks */,
				639659F0300F4B9400FFAC12 /* Resources */,
			);
			buildRules = (
			);
			dependencies = (
				639659F4300F4B9400FFAC12 /* PBXTargetDependency */,
			);
			fileSystemSynchronizedGroups = (
				639659F5300F4B9400FFAC12 /* MonglePetUITests */,
			);
			name = MonglePetUITests;
			packageProductDependencies = (
			);
			productName = MonglePetUITests;
			productReference = 639659F2300F4B9400FFAC12 /* MonglePetUITests.xctest */;
			productType = "com.apple.product-type.bundle.ui-testing";
		};
/* End PBXNativeTarget section */

/* Begin PBXProject section */
		639659D3300F4B9200FFAC12 /* Project object */ = {
			isa = PBXProject;
			attributes = {
				BuildIndependentTargetsInParallel = 1;
				LastSwiftUpdateCheck = 2660;
				LastUpgradeCheck = 2660;
				TargetAttributes = {
					639659DA300F4B9200FFAC12 = {
						CreatedOnToolsVersion = 26.6;
					};
					639659E7300F4B9400FFAC12 = {
						CreatedOnToolsVersion = 26.6;
						TestTargetID = 639659DA300F4B9200FFAC12;
					};
					639659F1300F4B9400FFAC12 = {
						CreatedOnToolsVersion = 26.6;
						TestTargetID = 639659DA300F4B9200FFAC12;
					};
				};
			};
			buildConfigurationList = 639659D6300F4B9200FFAC12 /* Build configuration list for PBXProject "MonglePet" */;
			developmentRegion = en;
			hasScannedForEncodings = 0;
			knownRegions = (
				en,
				Base,
			);
			mainGroup = 639659D2300F4B9200FFAC12;
			minimizedProjectReferenceProxies = 1;
			packageReferences = (
				7A2C00010000000000000001 /* XCRemoteSwiftPackageReference "ZIPFoundation" */,
			);
			preferredProjectObjectVersion = 77;
			productRefGroup = 639659DC300F4B9200FFAC12 /* Products */;
			projectDirPath = "";
			projectRoot = "";
			targets = (
				639659DA300F4B9200FFAC12 /* MonglePet */,
				639659E7300F4B9400FFAC12 /* MonglePetTests */,
				639659F1300F4B9400FFAC12 /* MonglePetUITests */,
			);
		};
/* End PBXProject section */

/* Begin PBXResourcesBuildPhase section */
		639659D9300F4B9200FFAC12 /* Resources */ = {
			isa = PBXResourcesBuildPhase;
			buildActionMask = 2147483647;
			files = (
			);
			runOnlyForDeploymentPostprocessing = 0;
		};
		639659E6300F4B9400FFAC12 /* Resources */ = {
			isa = PBXResourcesBuildPhase;
			buildActionMask = 2147483647;
			files = (
			);
			runOnlyForDeploymentPostprocessing = 0;
		};
		639659F0300F4B9400FFAC12 /* Resources */ = {
			isa = PBXResourcesBuildPhase;
			buildActionMask = 2147483647;
			files = (
			);
			runOnlyForDeploymentPostprocessing = 0;
		};
/* End PBXResourcesBuildPhase section */

/* Begin PBXSourcesBuildPhase section */
		639659D7300F4B9200FFAC12 /* Sources */ = {
			isa = PBXSourcesBuildPhase;
			buildActionMask = 2147483647;
			files = (
			);
			runOnlyForDeploymentPostprocessing = 0;
		};
		639659E4300F4B9400FFAC12 /* Sources */ = {
			isa = PBXSourcesBuildPhase;
			buildActionMask = 2147483647;
			files = (
			);
			runOnlyForDeploymentPostprocessing = 0;
		};
		639659EE300F4B9400FFAC12 /* Sources */ = {
			isa = PBXSourcesBuildPhase;
			buildActionMask = 2147483647;
			files = (
			);
			runOnlyForDeploymentPostprocessing = 0;
		};
/* End PBXSourcesBuildPhase section */

/* Begin PBXTargetDependency section */
		639659EA300F4B9400FFAC12 /* PBXTargetDependency */ = {
			isa = PBXTargetDependency;
			target = 639659DA300F4B9200FFAC12 /* MonglePet */;
			targetProxy = 639659E9300F4B9400FFAC12 /* PBXContainerItemProxy */;
		};
		639659F4300F4B9400FFAC12 /* PBXTargetDependency */ = {
			isa = PBXTargetDependency;
			target = 639659DA300F4B9200FFAC12 /* MonglePet */;
			targetProxy = 639659F3300F4B9400FFAC12 /* PBXContainerItemProxy */;
		};
/* End PBXTargetDependency section */

/* Begin XCBuildConfiguration section */
		639659FA300F4B9400FFAC12 /* Debug */ = {
			isa = XCBuildConfiguration;
			buildSettings = {
				ALWAYS_SEARCH_USER_PATHS = NO;
				ASSETCATALOG_COMPILER_GENERATE_SWIFT_ASSET_SYMBOL_EXTENSIONS = YES;
				CLANG_ANALYZER_NONNULL = YES;
				CLANG_ANALYZER_NUMBER_OBJECT_CONVERSION = YES_AGGRESSIVE;
				CLANG_CXX_LANGUAGE_STANDARD = "gnu++20";
				CLANG_ENABLE_MODULES = YES;
				CLANG_ENABLE_OBJC_ARC = YES;
				CLANG_ENABLE_OBJC_WEAK = YES;
				CLANG_WARN_BLOCK_CAPTURE_AUTORELEASING = YES;
				CLANG_WARN_BOOL_CONVERSION = YES;
				CLANG_WARN_COMMA = YES;
				CLANG_WARN_CONSTANT_CONVERSION = YES;
				CLANG_WARN_DEPRECATED_OBJC_IMPLEMENTATIONS = YES;
				CLANG_WARN_DIRECT_OBJC_ISA_USAGE = YES_ERROR;
				CLANG_WARN_DOCUMENTATION_COMMENTS = YES;
				CLANG_WARN_EMPTY_BODY = YES;
				CLANG_WARN_ENUM_CONVERSION = YES;
				CLANG_WARN_INFINITE_RECURSION = YES;
				CLANG_WARN_INT_CONVERSION = YES;
				CLANG_WARN_NON_LITERAL_NULL_CONVERSION = YES;
				CLANG_WARN_OBJC_IMPLICIT_RETAIN_SELF = YES;
				CLANG_WARN_OBJC_LITERAL_CONVERSION = YES;
				CLANG_WARN_OBJC_ROOT_CLASS = YES_ERROR;
				CLANG_WARN_QUOTED_INCLUDE_IN_FRAMEWORK_HEADER = YES;
				CLANG_WARN_RANGE_LOOP_ANALYSIS = YES;
				CLANG_WARN_STRICT_PROTOTYPES = YES;
				CLANG_WARN_SUSPICIOUS_MOVE = YES;
				CLANG_WARN_UNGUARDED_AVAILABILITY = YES_AGGRESSIVE;
				CLANG_WARN_UNREACHABLE_CODE = YES;
				CLANG_WARN__DUPLICATE_METHOD_MATCH = YES;
				COPY_PHASE_STRIP = NO;
				DEBUG_INFORMATION_FORMAT = dwarf;
				ENABLE_STRICT_OBJC_MSGSEND = YES;
				ENABLE_TESTABILITY = YES;
				ENABLE_USER_SCRIPT_SANDBOXING = YES;
				GCC_C_LANGUAGE_STANDARD = gnu17;
				GCC_DYNAMIC_NO_PIC = NO;
				GCC_NO_COMMON_BLOCKS = YES;
				GCC_OPTIMIZATION_LEVEL = 0;
				GCC_PREPROCESSOR_DEFINITIONS = (
					"DEBUG=1",
					"$(inherited)",
				);
				GCC_WARN_64_TO_32_BIT_CONVERSION = YES;
				GCC_WARN_ABOUT_RETURN_TYPE = YES_ERROR;
				GCC_WARN_UNDECLARED_SELECTOR = YES;
				GCC_WARN_UNINITIALIZED_AUTOS = YES_AGGRESSIVE;
				GCC_WARN_UNUSED_FUNCTION = YES;
				GCC_WARN_UNUSED_VARIABLE = YES;
				LOCALIZATION_PREFERS_STRING_CATALOGS = YES;
				MACOSX_DEPLOYMENT_TARGET = 14.0;
				MTL_ENABLE_DEBUG_INFO = INCLUDE_SOURCE;
				MTL_FAST_MATH = YES;
				ONLY_ACTIVE_ARCH = YES;
				SDKROOT = macosx;
				SWIFT_ACTIVE_COMPILATION_CONDITIONS = "DEBUG $(inherited)";
				SWIFT_OPTIMIZATION_LEVEL = "-Onone";
			};
			name = Debug;
		};
		639659FB300F4B9400FFAC12 /* Release */ = {
			isa = XCBuildConfiguration;
			buildSettings = {
				ALWAYS_SEARCH_USER_PATHS = NO;
				ASSETCATALOG_COMPILER_GENERATE_SWIFT_ASSET_SYMBOL_EXTENSIONS = YES;
				CLANG_ANALYZER_NONNULL = YES;
				CLANG_ANALYZER_NUMBER_OBJECT_CONVERSION = YES_AGGRESSIVE;
				CLANG_CXX_LANGUAGE_STANDARD = "gnu++20";
				CLANG_ENABLE_MODULES = YES;
				CLANG_ENABLE_OBJC_ARC = YES;
				CLANG_ENABLE_OBJC_WEAK = YES;
				CLANG_WARN_BLOCK_CAPTURE_AUTORELEASING = YES;
				CLANG_WARN_BOOL_CONVERSION = YES;
				CLANG_WARN_COMMA = YES;
				CLANG_WARN_CONSTANT_CONVERSION = YES;
				CLANG_WARN_DEPRECATED_OBJC_IMPLEMENTATIONS = YES;
				CLANG_WARN_DIRECT_OBJC_ISA_USAGE = YES_ERROR;
				CLANG_WARN_DOCUMENTATION_COMMENTS = YES;
				CLANG_WARN_EMPTY_BODY = YES;
				CLANG_WARN_ENUM_CONVERSION = YES;
				CLANG_WARN_INFINITE_RECURSION = YES;
				CLANG_WARN_INT_CONVERSION = YES;
				CLANG_WARN_NON_LITERAL_NULL_CONVERSION = YES;
				CLANG_WARN_OBJC_IMPLICIT_RETAIN_SELF = YES;
				CLANG_WARN_OBJC_LITERAL_CONVERSION = YES;
				CLANG_WARN_OBJC_ROOT_CLASS = YES_ERROR;
				CLANG_WARN_QUOTED_INCLUDE_IN_FRAMEWORK_HEADER = YES;
				CLANG_WARN_RANGE_LOOP_ANALYSIS = YES;
				CLANG_WARN_STRICT_PROTOTYPES = YES;
				CLANG_WARN_SUSPICIOUS_MOVE = YES;
				CLANG_WARN_UNGUARDED_AVAILABILITY = YES_AGGRESSIVE;
				CLANG_WARN_UNREACHABLE_CODE = YES;
				CLANG_WARN__DUPLICATE_METHOD_MATCH = YES;
				COPY_PHASE_STRIP = NO;
				DEBUG_INFORMATION_FORMAT = "dwarf-with-dsym";
				ENABLE_NS_ASSERTIONS = NO;
				ENABLE_STRICT_OBJC_MSGSEND = YES;
				ENABLE_USER_SCRIPT_SANDBOXING = YES;
				GCC_C_LANGUAGE_STANDARD = gnu17;
				GCC_NO_COMMON_BLOCKS = YES;
				GCC_WARN_64_TO_32_BIT_CONVERSION = YES;
				GCC_WARN_ABOUT_RETURN_TYPE = YES_ERROR;
				GCC_WARN_UNDECLARED_SELECTOR = YES;
				GCC_WARN_UNINITIALIZED_AUTOS = YES_AGGRESSIVE;
				GCC_WARN_UNUSED_FUNCTION = YES;
				GCC_WARN_UNUSED_VARIABLE = YES;
				LOCALIZATION_PREFERS_STRING_CATALOGS = YES;
				MACOSX_DEPLOYMENT_TARGET = 14.0;
				MTL_ENABLE_DEBUG_INFO = NO;
				MTL_FAST_MATH = YES;
				SDKROOT = macosx;
				SWIFT_COMPILATION_MODE = wholemodule;
			};
			name = Release;
		};
		639659FD300F4B9400FFAC12 /* Debug */ = {
			isa = XCBuildConfiguration;
			buildSettings = {
				ASSETCATALOG_COMPILER_APPICON_NAME = AppIcon;
				ASSETCATALOG_COMPILER_GLOBAL_ACCENT_COLOR_NAME = AccentColor;
				CODE_SIGN_STYLE = Automatic;
				COMBINE_HIDPI_IMAGES = YES;
				CURRENT_PROJECT_VERSION = 1;
				ENABLE_APP_SANDBOX = YES;
				ENABLE_PREVIEWS = YES;
				ENABLE_USER_SELECTED_FILES = readwrite;
				GENERATE_INFOPLIST_FILE = YES;
				INFOPLIST_KEY_LSUIElement = YES;
				INFOPLIST_KEY_NSHumanReadableCopyright = "";
				LD_RUNPATH_SEARCH_PATHS = (
					"$(inherited)",
					"@executable_path/../Frameworks",
				);
				MARKETING_VERSION = 0.1.0;
				PRODUCT_BUNDLE_IDENTIFIER = kr.mapleroom.MonglePet;
				PRODUCT_NAME = "$(TARGET_NAME)";
				REGISTER_APP_GROUPS = YES;
				STRING_CATALOG_GENERATE_SYMBOLS = YES;
				SWIFT_APPROACHABLE_CONCURRENCY = YES;
				SWIFT_DEFAULT_ACTOR_ISOLATION = MainActor;
				SWIFT_EMIT_LOC_STRINGS = YES;
				SWIFT_UPCOMING_FEATURE_MEMBER_IMPORT_VISIBILITY = YES;
				SWIFT_VERSION = 6.0;
			};
			name = Debug;
		};
		639659FE300F4B9400FFAC12 /* Release */ = {
			isa = XCBuildConfiguration;
			buildSettings = {
				ASSETCATALOG_COMPILER_APPICON_NAME = AppIcon;
				ASSETCATALOG_COMPILER_GLOBAL_ACCENT_COLOR_NAME = AccentColor;
				CODE_SIGN_STYLE = Automatic;
				COMBINE_HIDPI_IMAGES = YES;
				CURRENT_PROJECT_VERSION = 1;
				ENABLE_APP_SANDBOX = YES;
				ENABLE_PREVIEWS = YES;
				ENABLE_USER_SELECTED_FILES = readwrite;
				GENERATE_INFOPLIST_FILE = YES;
				INFOPLIST_KEY_LSUIElement = YES;
				INFOPLIST_KEY_NSHumanReadableCopyright = "";
				LD_RUNPATH_SEARCH_PATHS = (
					"$(inherited)",
					"@executable_path/../Frameworks",
				);
				MARKETING_VERSION = 0.1.0;
				PRODUCT_BUNDLE_IDENTIFIER = kr.mapleroom.MonglePet;
				PRODUCT_NAME = "$(TARGET_NAME)";
				REGISTER_APP_GROUPS = YES;
				STRING_CATALOG_GENERATE_SYMBOLS = YES;
				SWIFT_APPROACHABLE_CONCURRENCY = YES;
				SWIFT_DEFAULT_ACTOR_ISOLATION = MainActor;
				SWIFT_EMIT_LOC_STRINGS = YES;
				SWIFT_UPCOMING_FEATURE_MEMBER_IMPORT_VISIBILITY = YES;
				SWIFT_VERSION = 6.0;
			};
			name = Release;
		};
		63965A00300F4B9400FFAC12 /* Debug */ = {
			isa = XCBuildConfiguration;
			buildSettings = {
				BUNDLE_LOADER = "$(TEST_HOST)";
				CODE_SIGN_STYLE = Automatic;
				CURRENT_PROJECT_VERSION = 1;
				GENERATE_INFOPLIST_FILE = YES;
				MACOSX_DEPLOYMENT_TARGET = 14.0;
				MARKETING_VERSION = 1.0;
				PRODUCT_BUNDLE_IDENTIFIER = kr.mapleroom.MonglePetTests;
				PRODUCT_NAME = "$(TARGET_NAME)";
				STRING_CATALOG_GENERATE_SYMBOLS = NO;
				SWIFT_APPROACHABLE_CONCURRENCY = YES;
				SWIFT_EMIT_LOC_STRINGS = NO;
				SWIFT_UPCOMING_FEATURE_MEMBER_IMPORT_VISIBILITY = YES;
				SWIFT_VERSION = 6.0;
				TEST_HOST = "$(BUILT_PRODUCTS_DIR)/MonglePet.app/$(BUNDLE_EXECUTABLE_FOLDER_PATH)/MonglePet";
			};
			name = Debug;
		};
		63965A01300F4B9400FFAC12 /* Release */ = {
			isa = XCBuildConfiguration;
			buildSettings = {
				BUNDLE_LOADER = "$(TEST_HOST)";
				CODE_SIGN_STYLE = Automatic;
				CURRENT_PROJECT_VERSION = 1;
				GENERATE_INFOPLIST_FILE = YES;
				MACOSX_DEPLOYMENT_TARGET = 14.0;
				MARKETING_VERSION = 1.0;
				PRODUCT_BUNDLE_IDENTIFIER = kr.mapleroom.MonglePetTests;
				PRODUCT_NAME = "$(TARGET_NAME)";
				STRING_CATALOG_GENERATE_SYMBOLS = NO;
				SWIFT_APPROACHABLE_CONCURRENCY = YES;
				SWIFT_EMIT_LOC_STRINGS = NO;
				SWIFT_UPCOMING_FEATURE_MEMBER_IMPORT_VISIBILITY = YES;
				SWIFT_VERSION = 6.0;
				TEST_HOST = "$(BUILT_PRODUCTS_DIR)/MonglePet.app/$(BUNDLE_EXECUTABLE_FOLDER_PATH)/MonglePet";
			};
			name = Release;
		};
		63965A03300F4B9400FFAC12 /* Debug */ = {
			isa = XCBuildConfiguration;
			buildSettings = {
				CODE_SIGN_STYLE = Automatic;
				CURRENT_PROJECT_VERSION = 1;
				GENERATE_INFOPLIST_FILE = YES;
				MARKETING_VERSION = 1.0;
				PRODUCT_BUNDLE_IDENTIFIER = kr.mapleroom.MonglePetUITests;
				PRODUCT_NAME = "$(TARGET_NAME)";
				STRING_CATALOG_GENERATE_SYMBOLS = NO;
				SWIFT_APPROACHABLE_CONCURRENCY = YES;
				SWIFT_EMIT_LOC_STRINGS = NO;
				SWIFT_UPCOMING_FEATURE_MEMBER_IMPORT_VISIBILITY = YES;
				SWIFT_VERSION = 6.0;
				TEST_TARGET_NAME = MonglePet;
			};
			name = Debug;
		};
		63965A04300F4B9400FFAC12 /* Release */ = {
			isa = XCBuildConfiguration;
			buildSettings = {
				CODE_SIGN_STYLE = Automatic;
				CURRENT_PROJECT_VERSION = 1;
				GENERATE_INFOPLIST_FILE = YES;
				MARKETING_VERSION = 1.0;
				PRODUCT_BUNDLE_IDENTIFIER = kr.mapleroom.MonglePetUITests;
				PRODUCT_NAME = "$(TARGET_NAME)";
				STRING_CATALOG_GENERATE_SYMBOLS = NO;
				SWIFT_APPROACHABLE_CONCURRENCY = YES;
				SWIFT_EMIT_LOC_STRINGS = NO;
				SWIFT_UPCOMING_FEATURE_MEMBER_IMPORT_VISIBILITY = YES;
				SWIFT_VERSION = 6.0;
				TEST_TARGET_NAME = MonglePet;
			};
			name = Release;
		};
/* End XCBuildConfiguration section */

/* Begin XCConfigurationList section */
		639659D6300F4B9200FFAC12 /* Build configuration list for PBXProject "MonglePet" */ = {
			isa = XCConfigurationList;
			buildConfigurations = (
				639659FA300F4B9400FFAC12 /* Debug */,
				639659FB300F4B9400FFAC12 /* Release */,
			);
			defaultConfigurationIsVisible = 0;
			defaultConfigurationName = Release;
		};
		639659FC300F4B9400FFAC12 /* Build configuration list for PBXNativeTarget "MonglePet" */ = {
			isa = XCConfigurationList;
			buildConfigurations = (
				639659FD300F4B9400FFAC12 /* Debug */,
				639659FE300F4B9400FFAC12 /* Release */,
			);
			defaultConfigurationIsVisible = 0;
			defaultConfigurationName = Release;
		};
		639659FF300F4B9400FFAC12 /* Build configuration list for PBXNativeTarget "MonglePetTests" */ = {
			isa = XCConfigurationList;
			buildConfigurations = (
				63965A00300F4B9400FFAC12 /* Debug */,
				63965A01300F4B9400FFAC12 /* Release */,
			);
			defaultConfigurationIsVisible = 0;
			defaultConfigurationName = Release;
		};
		63965A02300F4B9400FFAC12 /* Build configuration list for PBXNativeTarget "MonglePetUITests" */ = {
			isa = XCConfigurationList;
			buildConfigurations = (
				63965A03300F4B9400FFAC12 /* Debug */,
				63965A04300F4B9400FFAC12 /* Release */,
			);
			defaultConfigurationIsVisible = 0;
			defaultConfigurationName = Release;
		};
/* End XCConfigurationList section */

/* Begin XCRemoteSwiftPackageReference section */
		7A2C00010000000000000001 /* XCRemoteSwiftPackageReference "ZIPFoundation" */ = {
			isa = XCRemoteSwiftPackageReference;
			repositoryURL = "https://github.com/weichsel/ZIPFoundation.git";
			requirement = {
				kind = exactVersion;
				version = 0.9.20;
			};
		};
/* End XCRemoteSwiftPackageReference section */

/* Begin XCSwiftPackageProductDependency section */
		7A2C00020000000000000001 /* ZIPFoundation */ = {
			isa = XCSwiftPackageProductDependency;
			package = 7A2C00010000000000000001 /* XCRemoteSwiftPackageReference "ZIPFoundation" */;
			productName = ZIPFoundation;
		};
		7A2C00030000000000000001 /* ZIPFoundation */ = {
			isa = XCSwiftPackageProductDependency;
			package = 7A2C00010000000000000001 /* XCRemoteSwiftPackageReference "ZIPFoundation" */;
			productName = ZIPFoundation;
		};
/* End XCSwiftPackageProductDependency section */
	};
	rootObject = 639659D3300F4B9200FFAC12 /* Project object */;
}
